
Microsoft Visual Studio Solution File, Format Version 12.00
# Visual Studio Version 16
VisualStudioVersion = 16.0.30011.22
MinimumVisualStudioVersion = 10.0.40219.1
Project("{FAE04EC0-301F-11D3-BF4B-00C04F79EFBC}") = "mwo.LiveRegistration.Plugins", "mwo.LiveRegistration.Plugins\mwo.LiveRegistration.Plugins.csproj", "{D7C5454E-15CD-432D-AC9C-9B509DC1AF53}"
EndProject
Project("{FAE04EC0-301F-11D3-BF4B-00C04F79EFBC}") = "mwo.LiveRegistration.Plugins.Tests", "mwo.LiveRegistration.Plugins.Tests\mwo.LiveRegistration.Plugins.Tests.csproj", "{F5606751-C16C-4DA8-8404-E9B3685A3CD9}"
EndProject
Global
	GlobalSection(SolutionConfigurationPlatforms) = preSolution
		Debug|Any CPU = Debug|Any CPU
		Release|Any CPU = Release|Any CPU
	EndGlobalSection
	GlobalSection(ProjectConfigurationPlatforms) = postSolution
		{D7C5454E-15CD-432D-AC9C-9B509DC1AF53}.Debug|Any CPU.ActiveCfg = Debug|Any CPU
		{D7C5454E-15CD-432D-AC9C-9B509DC1AF53}.Debug|Any CPU.Build.0 = Debug|Any CPU
		{D7C5454E-15CD-432D-AC9C-9B509DC1AF53}.Release|Any CPU.ActiveCfg = Release|Any CPU
		{D7C5454E-15CD-432D-AC9C-9B509DC1AF53}.Release|Any CPU.Build.0 = Release|Any CPU
		{F5606751-C16C-4DA8-8404-E9B3685A3CD9}.Debug|Any CPU.ActiveCfg = Debug|Any CPU
		{F5606751-C16C-4DA8-8404-E9B3685A3CD9}.Debug|Any CPU.Build.0 = Debug|Any CPU
		{F5606751-C16C-4DA8-8404-E9B3685A3CD9}.Release|Any CPU.ActiveCfg = Release|Any CPU
		{F5606751-C16C-4DA8-8404-E9B3685A3CD9}.Release|Any CPU.Build.0 = Release|Any CPU
	EndGlobalSection
	GlobalSection(SolutionProperties) = preSolution
		HideSolutionNode = FALSE
	EndGlobalSection
	GlobalSection(ExtensibilityGlobals) = postSolution
		SolutionGuid = {0D05B5D8-2BDF-481F-9591-371FA360B6A3}
	EndGlobalSection
EndGlobal
